
Microsoft Visual Studio Solution File, Format Version 12.00
# Visual Studio Version 17
VisualStudioVersion = 17.4.33110.190
MinimumVisualStudioVersion = 10.0.40219.1
Project("{FAE04EC0-301F-11D3-BF4B-00C04F79EFBC}") = "Engine", "Engine\Engine.csproj", "{23FE27FD-9AD9-4AE2-90D3-CC673213595B}"
EndProject
Project("{FAE04EC0-301F-11D3-BF4B-00C04F79EFBC}") = "Engine.Core", "Engine.Core\Engine.Core.csproj", "{E5E1F9AE-7CF6-4C3B-8EC2-EFCEC92A428E}"
EndProject
Project("{FAE04EC0-301F-11D3-BF4B-00C04F79EFBC}") = "Engine.Rendering", "Engine.Rendering\Engine.Rendering.csproj", "{303378FD-CEBE-4FBD-99A6-C54E59F2A78D}"
EndProject
Global
	GlobalSection(SolutionConfigurationPlatforms) = preSolution
		Debug|Any CPU = Debug|Any CPU
		Release|Any CPU = Release|Any CPU
	EndGlobalSection
	GlobalSection(ProjectConfigurationPlatforms) = postSolution
		{23FE27FD-9AD9-4AE2-90D3-CC673213595B}.Debug|Any CPU.ActiveCfg = Debug|Any CPU
		{23FE27FD-9AD9-4AE2-90D3-CC673213595B}.Debug|Any CPU.Build.0 = Debug|Any CPU
		{23FE27FD-9AD9-4AE2-90D3-CC673213595B}.Release|Any CPU.ActiveCfg = Release|Any CPU
		{23FE27FD-9AD9-4AE2-90D3-CC673213595B}.Release|Any CPU.Build.0 = Release|Any CPU
		{E5E1F9AE-7CF6-4C3B-8EC2-EFCEC92A428E}.Debug|Any CPU.ActiveCfg = Debug|Any CPU
		{E5E1F9AE-7CF6-4C3B-8EC2-EFCEC92A428E}.Debug|Any CPU.Build.0 = Debug|Any CPU
		{E5E1F9AE-7CF6-4C3B-8EC2-EFCEC92A428E}.Release|Any CPU.ActiveCfg = Release|Any CPU
		{E5E1F9AE-7CF6-4C3B-8EC2-EFCEC92A428E}.Release|Any CPU.Build.0 = Release|Any CPU
		{303378FD-CEBE-4FBD-99A6-C54E59F2A78D}.Debug|Any CPU.ActiveCfg = Debug|Any CPU
		{303378FD-CEBE-4FBD-99A6-C54E59F2A78D}.Debug|Any CPU.Build.0 = Debug|Any CPU
		{303378FD-CEBE-4FBD-99A6-C54E59F2A78D}.Release|Any CPU.ActiveCfg = Release|Any CPU
		{303378FD-CEBE-4FBD-99A6-C54E59F2A78D}.Release|Any CPU.Build.0 = Release|Any CPU
	EndGlobalSection
	GlobalSection(SolutionProperties) = preSolution
		HideSolutionNode = FALSE
	EndGlobalSection
	GlobalSection(ExtensibilityGlobals) = postSolution
		SolutionGuid = {176A2FCE-9655-44C5-A7C3-78DC9F99586B}
	EndGlobalSection
EndGlobal
